// !$*UTF8*$!
{
	archiveVersion = 1;
	classes = {
	};
	objectVersion = 77;
	objects = {

/* Begin PBXBuildFile section */
		2532395E2D4CDDEB008DBFDC /* GoogleService-Info.plist in Resources */ = {isa = PBXBuildFile; fileRef = 2532395D2D4CDDEB008DBFDC /* GoogleService-Info.plist */; };
		253239612D4CE120008DBFDC /* Storage in Frameworks */ = {isa = PBXBuildFile; productRef = 253239602D4CE120008DBFDC /* Storage */; };
		253239632D4CE231008DBFDC /* Supabase in Frameworks */ = {isa = PBXBuildFile; productRef = 253239622D4CE231008DBFDC /* Supabase */; };
		25B4D06D2D3D3BB100E4E298 /* FirebaseAuth in Frameworks */ = {isa = PBXBuildFile; productRef = 25B4D06C2D3D3BB100E4E298 /* FirebaseAuth */; };
		25B4D06F2D3D3BB100E4E298 /* FirebaseFirestore in Frameworks */ = {isa = PBXBuildFile; productRef = 25B4D06E2D3D3BB100E4E298 /* FirebaseFirestore */; };
		25B4D0712D3D3BB100E4E298 /* FirebaseStorage in Frameworks */ = {isa = PBXBuildFile; productRef = 25B4D0702D3D3BB100E4E298 /* FirebaseStorage */; };
		25EA3C192D5D248500A11D03 /* SDWebImageSwiftUI in Frameworks */ = {isa = PBXBuildFile; productRef = 25EA3C182D5D248500A11D03 /* SDWebImageSwiftUI */; };
/* End PBXBuildFile section */

/* Begin PBXFileReference section */
		2532395D2D4CDDEB008DBFDC /* GoogleService-Info.plist */ = {isa = PBXFileReference; lastKnownFileType = text.plist.xml; path = "GoogleService-Info.plist"; sourceTree = "<group>"; };
		25B4D0462D3CFF2D00E4E298 /* AutiCare.app */ = {isa = PBXFileReference; explicitFileType = wrapper.application; includeInIndex = 0; path = AutiCare.app; sourceTree = BUILT_PRODUCTS_DIR; };
		44A584C62D8D179300A2E7A4 /* Auticare.entitlements */ = {isa = PBXFileReference; lastKnownFileType = text.plist.entitlements; name = Auticare.entitlements; path = Auticare/Auticare.entitlements; sourceTree = "<group>"; };
/* End PBXFileReference section */

/* Begin PBXFileSystemSynchronizedBuildFileExceptionSet section */
		259CCF992D633AFD00C29F37 /* Exceptions for "AutiCare" folder in "Auticare" target */ = {
			isa = PBXFileSystemSynchronizedBuildFileExceptionSet;
			membershipExceptions = (
				Info.plist,
			);
			target = 25B4D0452D3CFF2D00E4E298 /* Auticare */;
		};
/* End PBXFileSystemSynchronizedBuildFileExceptionSet section */

/* Begin PBXFileSystemSynchronizedRootGroup section */
		25B4D0482D3CFF2D00E4E298 /* AutiCare */ = {
			isa = PBXFileSystemSynchronizedRootGroup;
			exceptions = (
				259CCF992D633AFD00C29F37 /* Exceptions for "AutiCare" folder in "Auticare" target */,
			);
			path = AutiCare;
			sourceTree = "<group>";
		};
/* End PBXFileSystemSynchronizedRootGroup section */

/* Begin PBXFrameworksBuildPhase section */
		25B4D0432D3CFF2D00E4E298 /* Frameworks */ = {
			isa = PBXFrameworksBuildPhase;
			buildActionMask = 2147483647;
			files = (
				25EA3C192D5D248500A11D03 /* SDWebImageSwiftUI in Frameworks */,
				253239632D4CE231008DBFDC /* Supabase in Frameworks */,
				253239612D4CE120008DBFDC /* Storage in Frameworks */,
				25B4D06D2D3D3BB100E4E298 /* FirebaseAuth in Frameworks */,
				25B4D06F2D3D3BB100E4E298 /* FirebaseFirestore in Frameworks */,
				25B4D0712D3D3BB100E4E298 /* FirebaseStorage in Frameworks */,
			);
			runOnlyForDeploymentPostprocessing = 0;
		};
/* End PBXFrameworksBuildPhase section */

/* Begin PBXGroup section */
		25B4D03D2D3CFF2D00E4E298 = {
			isa = PBXGroup;
			children = (
				44A584C62D8D179300A2E7A4 /* Auticare.entitlements */,
				2532395D2D4CDDEB008DBFDC /* GoogleService-Info.plist */,
				25B4D0482D3CFF2D00E4E298 /* AutiCare */,
				25B4D0472D3CFF2D00E4E298 /* Products */,
			);
			sourceTree = "<group>";
		};
		25B4D0472D3CFF2D00E4E298 /* Products */ = {
			isa = PBXGroup;
			children = (
				25B4D0462D3CFF2D00E4E298 /* AutiCare.app */,
			);
			name = Products;
			sourceTree = "<group>";
		};
/* End PBXGroup section */

/* Begin PBXNativeTarget section */
		25B4D0452D3CFF2D00E4E298 /* Auticare */ = {
			isa = PBXNativeTarget;
			buildConfigurationList = 25B4D0542D3CFF3000E4E298 /* Build configuration list for PBXNativeTarget "Auticare" */;
			buildPhases = (
				25B4D0422D3CFF2D00E4E298 /* Sources */,
				25B4D0432D3CFF2D00E4E298 /* Frameworks */,
				25B4D0442D3CFF2D00E4E298 /* Resources */,
			);
			buildRules = (
			);
			dependencies = (
			);
			fileSystemSynchronizedGroups = (
				25B4D0482D3CFF2D00E4E298 /* AutiCare */,
			);
			name = Auticare;
			packageProductDependencies = (
				25B4D06C2D3D3BB100E4E298 /* FirebaseAuth */,
				25B4D06E2D3D3BB100E4E298 /* FirebaseFirestore */,
				25B4D0702D3D3BB100E4E298 /* FirebaseStorage */,
				253239602D4CE120008DBFDC /* Storage */,
				253239622D4CE231008DBFDC /* Supabase */,
				25EA3C182D5D248500A11D03 /* SDWebImageSwiftUI */,
			);
			productName = FireBaseAuthTutorail;
			productReference = 25B4D0462D3CFF2D00E4E298 /* AutiCare.app */;
			productType = "com.apple.product-type.application";
		};
/* End PBXNativeTarget section */

/* Begin PBXProject section */
		25B4D03E2D3CFF2D00E4E298 /* Project object */ = {
			isa = PBXProject;
			attributes = {
				BuildIndependentTargetsInParallel = 1;
				LastSwiftUpdateCheck = 1620;
				LastUpgradeCheck = 1620;
				TargetAttributes = {
					25B4D0452D3CFF2D00E4E298 = {
						CreatedOnToolsVersion = 16.2;
					};
				};
			};
			buildConfigurationList = 25B4D0412D3CFF2D00E4E298 /* Build configuration list for PBXProject "AutiCare" */;
			developmentRegion = en;
			hasScannedForEncodings = 0;
			knownRegions = (
				en,
				Base,
			);
			mainGroup = 25B4D03D2D3CFF2D00E4E298;
			minimizedProjectReferenceProxies = 1;
			packageReferences = (
				25B4D06B2D3D3BB100E4E298 /* XCRemoteSwiftPackageReference "firebase-ios-sdk" */,
				2532395F2D4CE120008DBFDC /* XCRemoteSwiftPackageReference "supabase-swift" */,
				25EA3C172D5D248500A11D03 /* XCRemoteSwiftPackageReference "SDWebImageSwiftUI" */,
			);
			preferredProjectObjectVersion = 77;
			productRefGroup = 25B4D0472D3CFF2D00E4E298 /* Products */;
			projectDirPath = "";
			projectRoot = "";
			targets = (
				25B4D0452D3CFF2D00E4E298 /* Auticare */,
			);
		};
/* End PBXProject section */

/* Begin PBXResourcesBuildPhase section */
		25B4D0442D3CFF2D00E4E298 /* Resources */ = {
			isa = PBXResourcesBuildPhase;
			buildActionMask = 2147483647;
			files = (
				2532395E2D4CDDEB008DBFDC /* GoogleService-Info.plist in Resources */,
			);
			runOnlyForDeploymentPostprocessing = 0;
		};
/* End PBXResourcesBuildPhase section */

/* Begin PBXSourcesBuildPhase section */
		25B4D0422D3CFF2D00E4E298 /* Sources */ = {
			isa = PBXSourcesBuildPhase;
			buildActionMask = 2147483647;
			files = (
			);
			runOnlyForDeploymentPostprocessing = 0;
		};
/* End PBXSourcesBuildPhase section */

/* Begin XCBuildConfiguration section */
		25B4D0522D3CFF3000E4E298 /* Debug */ = {
			isa = XCBuildConfiguration;
			buildSettings = {
				ALWAYS_SEARCH_USER_PATHS = NO;
				ASSETCATALOG_COMPILER_GENERATE_SWIFT_ASSET_SYMBOL_EXTENSIONS = YES;
				CLANG_ANALYZER_NONNULL = YES;
				CLANG_ANALYZER_NUMBER_OBJECT_CONVERSION = YES_AGGRESSIVE;
				CLANG_CXX_LANGUAGE_STANDARD = "gnu++20";
				CLANG_ENABLE_MODULES = YES;
				CLANG_ENABLE_OBJC_ARC = YES;
				CLANG_ENABLE_OBJC_WEAK = YES;
				CLANG_WARN_BLOCK_CAPTURE_AUTORELEASING = YES;
				CLANG_WARN_BOOL_CONVERSION = YES;
				CLANG_WARN_COMMA = YES;
				CLANG_WARN_CONSTANT_CONVERSION = YES;
				CLANG_WARN_DEPRECATED_OBJC_IMPLEMENTATIONS = YES;
				CLANG_WARN_DIRECT_OBJC_ISA_USAGE = YES_ERROR;
				CLANG_WARN_DOCUMENTATION_COMMENTS = YES;
				CLANG_WARN_EMPTY_BODY = YES;
				CLANG_WARN_ENUM_CONVERSION = YES;
				CLANG_WARN_INFINITE_RECURSION = YES;
				CLANG_WARN_INT_CONVERSION = YES;
				CLANG_WARN_NON_LITERAL_NULL_CONVERSION = YES;
				CLANG_WARN_OBJC_IMPLICIT_RETAIN_SELF = YES;
				CLANG_WARN_OBJC_LITERAL_CONVERSION = YES;
				CLANG_WARN_OBJC_ROOT_CLASS = YES_ERROR;
				CLANG_WARN_QUOTED_INCLUDE_IN_FRAMEWORK_HEADER = YES;
				CLANG_WARN_RANGE_LOOP_ANALYSIS = YES;
				CLANG_WARN_STRICT_PROTOTYPES = YES;
				CLANG_WARN_SUSPICIOUS_MOVE = YES;
				CLANG_WARN_UNGUARDED_AVAILABILITY = YES_AGGRESSIVE;
				CLANG_WARN_UNREACHABLE_CODE = YES;
				CLANG_WARN__DUPLICATE_METHOD_MATCH = YES;
				COPY_PHASE_STRIP = NO;
				DEBUG_INFORMATION_FORMAT = dwarf;
				ENABLE_STRICT_OBJC_MSGSEND = YES;
				ENABLE_TESTABILITY = YES;
				ENABLE_USER_SCRIPT_SANDBOXING = YES;
				GCC_C_LANGUAGE_STANDARD = gnu17;
				GCC_DYNAMIC_NO_PIC = NO;
				GCC_NO_COMMON_BLOCKS = YES;
				GCC_OPTIMIZATION_LEVEL = 0;
				GCC_PREPROCESSOR_DEFINITIONS = (
					"DEBUG=1",
					"$(inherited)",
				);
				GCC_WARN_64_TO_32_BIT_CONVERSION = YES;
				GCC_WARN_ABOUT_RETURN_TYPE = YES_ERROR;
				GCC_WARN_UNDECLARED_SELECTOR = YES;
				GCC_WARN_UNINITIALIZED_AUTOS = YES_AGGRESSIVE;
				GCC_WARN_UNUSED_FUNCTION = YES;
				GCC_WARN_UNUSED_VARIABLE = YES;
				IPHONEOS_DEPLOYMENT_TARGET = 18.2;
				LOCALIZATION_PREFERS_STRING_CATALOGS = YES;
				MTL_ENABLE_DEBUG_INFO = INCLUDE_SOURCE;
				MTL_FAST_MATH = YES;
				ONLY_ACTIVE_ARCH = YES;
				SDKROOT = iphoneos;
				SWIFT_ACTIVE_COMPILATION_CONDITIONS = "DEBUG $(inherited)";
				SWIFT_OPTIMIZATION_LEVEL = "-Onone";
			};
			name = Debug;
		};
		25B4D0532D3CFF3000E4E298 /* Release */ = {
			isa = XCBuildConfiguration;
			buildSettings = {
				ALWAYS_SEARCH_USER_PATHS = NO;
				ASSETCATALOG_COMPILER_GENERATE_SWIFT_ASSET_SYMBOL_EXTENSIONS = YES;
				CLANG_ANALYZER_NONNULL = YES;
				CLANG_ANALYZER_NUMBER_OBJECT_CONVERSION = YES_AGGRESSIVE;
				CLANG_CXX_LANGUAGE_STANDARD = "gnu++20";
				CLANG_ENABLE_MODULES = YES;
				CLANG_ENABLE_OBJC_ARC = YES;
				CLANG_ENABLE_OBJC_WEAK = YES;
				CLANG_WARN_BLOCK_CAPTURE_AUTORELEASING = YES;
				CLANG_WARN_BOOL_CONVERSION = YES;
				CLANG_WARN_COMMA = YES;
				CLANG_WARN_CONSTANT_CONVERSION = YES;
				CLANG_WARN_DEPRECATED_OBJC_IMPLEMENTATIONS = YES;
				CLANG_WARN_DIRECT_OBJC_ISA_USAGE = YES_ERROR;
				CLANG_WARN_DOCUMENTATION_COMMENTS = YES;
				CLANG_WARN_EMPTY_BODY = YES;
				CLANG_WARN_ENUM_CONVERSION = YES;
				CLANG_WARN_INFINITE_RECURSION = YES;
				CLANG_WARN_INT_CONVERSION = YES;
				CLANG_WARN_NON_LITERAL_NULL_CONVERSION = YES;
				CLANG_WARN_OBJC_IMPLICIT_RETAIN_SELF = YES;
				CLANG_WARN_OBJC_LITERAL_CONVERSION = YES;
				CLANG_WARN_OBJC_ROOT_CLASS = YES_ERROR;
				CLANG_WARN_QUOTED_INCLUDE_IN_FRAMEWORK_HEADER = YES;
				CLANG_WARN_RANGE_LOOP_ANALYSIS = YES;
				CLANG_WARN_STRICT_PROTOTYPES = YES;
				CLANG_WARN_SUSPICIOUS_MOVE = YES;
				CLANG_WARN_UNGUARDED_AVAILABILITY = YES_AGGRESSIVE;
				CLANG_WARN_UNREACHABLE_CODE = YES;
				CLANG_WARN__DUPLICATE_METHOD_MATCH = YES;
				COPY_PHASE_STRIP = NO;
				DEBUG_INFORMATION_FORMAT = "dwarf-with-dsym";
				ENABLE_NS_ASSERTIONS = NO;
				ENABLE_STRICT_OBJC_MSGSEND = YES;
				ENABLE_USER_SCRIPT_SANDBOXING = YES;
				GCC_C_LANGUAGE_STANDARD = gnu17;
				GCC_NO_COMMON_BLOCKS = YES;
				GCC_WARN_64_TO_32_BIT_CONVERSION = YES;
				GCC_WARN_ABOUT_RETURN_TYPE = YES_ERROR;
				GCC_WARN_UNDECLARED_SELECTOR = YES;
				GCC_WARN_UNINITIALIZED_AUTOS = YES_AGGRESSIVE;
				GCC_WARN_UNUSED_FUNCTION = YES;
				GCC_WARN_UNUSED_VARIABLE = YES;
				IPHONEOS_DEPLOYMENT_TARGET = 18.2;
				LOCALIZATION_PREFERS_STRING_CATALOGS = YES;
				MTL_ENABLE_DEBUG_INFO = NO;
				MTL_FAST_MATH = YES;
				SDKROOT = iphoneos;
				SWIFT_COMPILATION_MODE = wholemodule;
				VALIDATE_PRODUCT = YES;
			};
			name = Release;
		};
		25B4D0552D3CFF3000E4E298 /* Debug */ = {
			isa = XCBuildConfiguration;
			buildSettings = {
				ASSETCATALOG_COMPILER_APPICON_NAME = AppIcon;
				ASSETCATALOG_COMPILER_GLOBAL_ACCENT_COLOR_NAME = AccentColor;
				CODE_SIGN_ENTITLEMENTS = Auticare/Auticare.entitlements;
				CODE_SIGN_STYLE = Automatic;
				CURRENT_PROJECT_VERSION = 1;
				DEVELOPMENT_ASSET_PATHS = "\"AutiCare/Preview Content\"";
				DEVELOPMENT_TEAM = 73B8W4ZN6V;
				ENABLE_PREVIEWS = YES;
				GENERATE_INFOPLIST_FILE = YES;
				INFOPLIST_FILE = Auticare/Info.plist;
				INFOPLIST_KEY_UIApplicationSceneManifest_Generation = YES;
				INFOPLIST_KEY_UIApplicationSupportsIndirectInputEvents = YES;
				INFOPLIST_KEY_UILaunchScreen_Generation = YES;
				INFOPLIST_KEY_UISupportedInterfaceOrientations = UIInterfaceOrientationPortrait;
				INFOPLIST_KEY_UISupportedInterfaceOrientations_iPad = "UIInterfaceOrientationLandscapeLeft UIInterfaceOrientationLandscapeRight UIInterfaceOrientationPortrait UIInterfaceOrientationPortraitUpsideDown";
				IPHONEOS_DEPLOYMENT_TARGET = 17.6;
				LD_RUNPATH_SEARCH_PATHS = (
					"$(inherited)",
					"@executable_path/Frameworks",
				);
				MARKETING_VERSION = 1.0;
				PRODUCT_BUNDLE_IDENTIFIER = xethrofer.FireBaseAuthTutorail;
				PRODUCT_NAME = AutiCare;
				SWIFT_EMIT_LOC_STRINGS = YES;
				SWIFT_VERSION = 5.0;
				TARGETED_DEVICE_FAMILY = "1,2";
			};
			name = Debug;
		};
		25B4D0562D3CFF3000E4E298 /* Release */ = {
			isa = XCBuildConfiguration;
			buildSettings = {
				ASSETCATALOG_COMPILER_APPICON_NAME = AppIcon;
				ASSETCATALOG_COMPILER_GLOBAL_ACCENT_COLOR_NAME = AccentColor;
				CODE_SIGN_ENTITLEMENTS = Auticare/Auticare.entitlements;
				CODE_SIGN_STYLE = Automatic;
				CURRENT_PROJECT_VERSION = 1;
				DEVELOPMENT_ASSET_PATHS = "\"AutiCare/Preview Content\"";
				DEVELOPMENT_TEAM = 73B8W4ZN6V;
				ENABLE_PREVIEWS = YES;
				GENERATE_INFOPLIST_FILE = YES;
				INFOPLIST_FILE = Auticare/Info.plist;
				INFOPLIST_KEY_UIApplicationSceneManifest_Generation = YES;
				INFOPLIST_KEY_UIApplicationSupportsIndirectInputEvents = YES;
				INFOPLIST_KEY_UILaunchScreen_Generation = YES;
				INFOPLIST_KEY_UISupportedInterfaceOrientations = UIInterfaceOrientationPortrait;
				INFOPLIST_KEY_UISupportedInterfaceOrientations_iPad = "UIInterfaceOrientationLandscapeLeft UIInterfaceOrientationLandscapeRight UIInterfaceOrientationPortrait UIInterfaceOrientationPortraitUpsideDown";
				IPHONEOS_DEPLOYMENT_TARGET = 17.6;
				LD_RUNPATH_SEARCH_PATHS = (
					"$(inherited)",
					"@executable_path/Frameworks",
				);
				MARKETING_VERSION = 1.0;
				PRODUCT_BUNDLE_IDENTIFIER = xethrofer.FireBaseAuthTutorail;
				PRODUCT_NAME = AutiCare;
				SWIFT_EMIT_LOC_STRINGS = YES;
				SWIFT_VERSION = 5.0;
				TARGETED_DEVICE_FAMILY = "1,2";
			};
			name = Release;
		};
/* End XCBuildConfiguration section */

/* Begin XCConfigurationList section */
		25B4D0412D3CFF2D00E4E298 /* Build configuration list for PBXProject "AutiCare" */ = {
			isa = XCConfigurationList;
			buildConfigurations = (
				25B4D0522D3CFF3000E4E298 /* Debug */,
				25B4D0532D3CFF3000E4E298 /* Release */,
			);
			defaultConfigurationIsVisible = 0;
			defaultConfigurationName = Release;
		};
		25B4D0542D3CFF3000E4E298 /* Build configuration list for PBXNativeTarget "Auticare" */ = {
			isa = XCConfigurationList;
			buildConfigurations = (
				25B4D0552D3CFF3000E4E298 /* Debug */,
				25B4D0562D3CFF3000E4E298 /* Release */,
			);
			defaultConfigurationIsVisible = 0;
			defaultConfigurationName = Release;
		};
/* End XCConfigurationList section */

/* Begin XCRemoteSwiftPackageReference section */
		2532395F2D4CE120008DBFDC /* XCRemoteSwiftPackageReference "supabase-swift" */ = {
			isa = XCRemoteSwiftPackageReference;
			repositoryURL = "https://github.com/supabase/supabase-swift";
			requirement = {
				kind = upToNextMajorVersion;
				minimumVersion = 2.5.1;
			};
		};
		25B4D06B2D3D3BB100E4E298 /* XCRemoteSwiftPackageReference "firebase-ios-sdk" */ = {
			isa = XCRemoteSwiftPackageReference;
			repositoryURL = "https://github.com/firebase/firebase-ios-sdk";
			requirement = {
				kind = upToNextMajorVersion;
				minimumVersion = 11.7.0;
			};
		};
		25EA3C172D5D248500A11D03 /* XCRemoteSwiftPackageReference "SDWebImageSwiftUI" */ = {
			isa = XCRemoteSwiftPackageReference;
			repositoryURL = "https://github.com/SDWebImage/SDWebImageSwiftUI";
			requirement = {
				kind = upToNextMajorVersion;
				minimumVersion = 3.1.3;
			};
		};
/* End XCRemoteSwiftPackageReference section */

/* Begin XCSwiftPackageProductDependency section */
		253239602D4CE120008DBFDC /* Storage */ = {
			isa = XCSwiftPackageProductDependency;
			package = 2532395F2D4CE120008DBFDC /* XCRemoteSwiftPackageReference "supabase-swift" */;
			productName = Storage;
		};
		253239622D4CE231008DBFDC /* Supabase */ = {
			isa = XCSwiftPackageProductDependency;
			package = 2532395F2D4CE120008DBFDC /* XCRemoteSwiftPackageReference "supabase-swift" */;
			productName = Supabase;
		};
		25B4D06C2D3D3BB100E4E298 /* FirebaseAuth */ = {
			isa = XCSwiftPackageProductDependency;
			package = 25B4D06B2D3D3BB100E4E298 /* XCRemoteSwiftPackageReference "firebase-ios-sdk" */;
			productName = FirebaseAuth;
		};
		25B4D06E2D3D3BB100E4E298 /* FirebaseFirestore */ = {
			isa = XCSwiftPackageProductDependency;
			package = 25B4D06B2D3D3BB100E4E298 /* XCRemoteSwiftPackageReference "firebase-ios-sdk" */;
			productName = FirebaseFirestore;
		};
		25B4D0702D3D3BB100E4E298 /* FirebaseStorage */ = {
			isa = XCSwiftPackageProductDependency;
			package = 25B4D06B2D3D3BB100E4E298 /* XCRemoteSwiftPackageReference "firebase-ios-sdk" */;
			productName = FirebaseStorage;
		};
		25EA3C182D5D248500A11D03 /* SDWebImageSwiftUI */ = {
			isa = XCSwiftPackageProductDependency;
			package = 25EA3C172D5D248500A11D03 /* XCRemoteSwiftPackageReference "SDWebImageSwiftUI" */;
			productName = SDWebImageSwiftUI;
		};
/* End XCSwiftPackageProductDependency section */
	};
	rootObject = 25B4D03E2D3CFF2D00E4E298 /* Project object */;
}
